// !$*UTF8*$!
{
	archiveVersion = 1;
	classes = {
	};
	objectVersion = 50;
	objects = {

/* Begin PBXBuildFile section */
		F504ABC124E8F94600FE5070 /* AppDelegate.swift in Sources */ = {isa = PBXBuildFile; fileRef = F504ABC024E8F94600FE5070 /* AppDelegate.swift */; };
		F504ABC324E8F94600FE5070 /* SceneDelegate.swift in Sources */ = {isa = PBXBuildFile; fileRef = F504ABC224E8F94600FE5070 /* SceneDelegate.swift */; };
		F504ABC524E8F94600FE5070 /* ContentView.swift in Sources */ = {isa = PBXBuildFile; fileRef = F504ABC424E8F94600FE5070 /* ContentView.swift */; };
		F504ABC724E8F94700FE5070 /* Assets.xcassets in Resources */ = {isa = PBXBuildFile; fileRef = F504ABC624E8F94700FE5070 /* Assets.xcassets */; };
		F504ABCA24E8F94700FE5070 /* Preview Assets.xcassets in Resources */ = {isa = PBXBuildFile; fileRef = F504ABC924E8F94700FE5070 /* Preview Assets.xcassets */; };
		F504ABCD24E8F94700FE5070 /* LaunchScreen.storyboard in Resources */ = {isa = PBXBuildFile; fileRef = F504ABCB24E8F94700FE5070 /* LaunchScreen.storyboard */; };
		F504ABD624E980B800FE5070 /* EventRow.swift in Sources */ = {isa = PBXBuildFile; fileRef = F504ABD524E980B800FE5070 /* EventRow.swift */; };
		F504ABFE24F2231A00FE5070 /* DayView.swift in Sources */ = {isa = PBXBuildFile; fileRef = F504ABFD24F2231A00FE5070 /* DayView.swift */; };
		F504AC2924F280D700FE5070 /* Event.swift in Sources */ = {isa = PBXBuildFile; fileRef = F504AC2824F280D700FE5070 /* Event.swift */; };
		F504AC2B24F2836600FE5070 /* Day.swift in Sources */ = {isa = PBXBuildFile; fileRef = F504AC2A24F2836600FE5070 /* Day.swift */; };
		F55142D324FB437C00DA9824 /* eventData.json in Resources */ = {isa = PBXBuildFile; fileRef = F55142D224FB437C00DA9824 /* eventData.json */; };
		F55142D524FB43A700DA9824 /* dayData.json in Resources */ = {isa = PBXBuildFile; fileRef = F55142D424FB43A700DA9824 /* dayData.json */; };
		F5DFF13D24FAD1B300154166 /* Data.swift in Sources */ = {isa = PBXBuildFile; fileRef = F5DFF13C24FAD1B300154166 /* Data.swift */; };
		F5DFF14124FAD1CC00154166 /* DayViewModel.swift in Sources */ = {isa = PBXBuildFile; fileRef = F5DFF13F24FAD1CC00154166 /* DayViewModel.swift */; };
		F5DFF14224FAD1CC00154166 /* EventViewModel.swift in Sources */ = {isa = PBXBuildFile; fileRef = F5DFF14024FAD1CC00154166 /* EventViewModel.swift */; };
/* End PBXBuildFile section */

/* Begin PBXFileReference section */
		F504ABBD24E8F94600FE5070 /* TitechAppLite.app */ = {isa = PBXFileReference; explicitFileType = wrapper.application; includeInIndex = 0; path = TitechAppLite.app; sourceTree = BUILT_PRODUCTS_DIR; };
		F504ABC024E8F94600FE5070 /* AppDelegate.swift */ = {isa = PBXFileReference; lastKnownFileType = sourcecode.swift; path = AppDelegate.swift; sourceTree = "<group>"; };
		F504ABC224E8F94600FE5070 /* SceneDelegate.swift */ = {isa = PBXFileReference; lastKnownFileType = sourcecode.swift; path = SceneDelegate.swift; sourceTree = "<group>"; };
		F504ABC424E8F94600FE5070 /* ContentView.swift */ = {isa = PBXFileReference; lastKnownFileType = sourcecode.swift; path = ContentView.swift; sourceTree = "<group>"; };
		F504ABC624E8F94700FE5070 /* Assets.xcassets */ = {isa = PBXFileReference; lastKnownFileType = folder.assetcatalog; path = Assets.xcassets; sourceTree = "<group>"; };
		F504ABC924E8F94700FE5070 /* Preview Assets.xcassets */ = {isa = PBXFileReference; lastKnownFileType = folder.assetcatalog; path = "Preview Assets.xcassets"; sourceTree = "<group>"; };
		F504ABCC24E8F94700FE5070 /* Base */ = {isa = PBXFileReference; lastKnownFileType = file.storyboard; name = Base; path = Base.lproj/LaunchScreen.storyboard; sourceTree = "<group>"; };
		F504ABCE24E8F94700FE5070 /* Info.plist */ = {isa = PBXFileReference; lastKnownFileType = text.plist.xml; path = Info.plist; sourceTree = "<group>"; };
		F504ABD524E980B800FE5070 /* EventRow.swift */ = {isa = PBXFileReference; lastKnownFileType = sourcecode.swift; path = EventRow.swift; sourceTree = "<group>"; };
		F504ABFD24F2231A00FE5070 /* DayView.swift */ = {isa = PBXFileReference; lastKnownFileType = sourcecode.swift; path = DayView.swift; sourceTree = "<group>"; };
		F504AC2824F280D700FE5070 /* Event.swift */ = {isa = PBXFileReference; lastKnownFileType = sourcecode.swift; path = Event.swift; sourceTree = "<group>"; };
		F504AC2A24F2836600FE5070 /* Day.swift */ = {isa = PBXFileReference; lastKnownFileType = sourcecode.swift; path = Day.swift; sourceTree = "<group>"; };
		F55142D224FB437C00DA9824 /* eventData.json */ = {isa = PBXFileReference; lastKnownFileType = text.json; path = eventData.json; sourceTree = "<group>"; };
		F55142D424FB43A700DA9824 /* dayData.json */ = {isa = PBXFileReference; lastKnownFileType = text.json; path = dayData.json; sourceTree = "<group>"; };
		F5DFF13C24FAD1B300154166 /* Data.swift */ = {isa = PBXFileReference; fileEncoding = 4; lastKnownFileType = sourcecode.swift; path = Data.swift; sourceTree = "<group>"; };
		F5DFF13F24FAD1CC00154166 /* DayViewModel.swift */ = {isa = PBXFileReference; fileEncoding = 4; lastKnownFileType = sourcecode.swift; path = DayViewModel.swift; sourceTree = "<group>"; };
		F5DFF14024FAD1CC00154166 /* EventViewModel.swift */ = {isa = PBXFileReference; fileEncoding = 4; lastKnownFileType = sourcecode.swift; path = EventViewModel.swift; sourceTree = "<group>"; };
/* End PBXFileReference section */

/* Begin PBXFrameworksBuildPhase section */
		F504ABBA24E8F94600FE5070 /* Frameworks */ = {
			isa = PBXFrameworksBuildPhase;
			buildActionMask = 2147483647;
			files = (
			);
			runOnlyForDeploymentPostprocessing = 0;
		};
/* End PBXFrameworksBuildPhase section */

/* Begin PBXGroup section */
		F504ABB424E8F94600FE5070 = {
			isa = PBXGroup;
			children = (
				F5DFF12D24FAD0E100154166 /* Resourses */,
				F504AC2724F25C6200FE5070 /* Model */,
				F5DFF13E24FAD1CC00154166 /* ViewModel */,
				F504ABD424E9806F00FE5070 /* View */,
				F504ABBF24E8F94600FE5070 /* TitechAppLite */,
				F504ABBE24E8F94600FE5070 /* Products */,
			);
			sourceTree = "<group>";
		};
		F504ABBE24E8F94600FE5070 /* Products */ = {
			isa = PBXGroup;
			children = (
				F504ABBD24E8F94600FE5070 /* TitechAppLite.app */,
			);
			name = Products;
			sourceTree = "<group>";
		};
		F504ABBF24E8F94600FE5070 /* TitechAppLite */ = {
			isa = PBXGroup;
			children = (
				F504ABC024E8F94600FE5070 /* AppDelegate.swift */,
				F504ABC224E8F94600FE5070 /* SceneDelegate.swift */,
				F504ABC624E8F94700FE5070 /* Assets.xcassets */,
				F504ABCB24E8F94700FE5070 /* LaunchScreen.storyboard */,
				F504ABCE24E8F94700FE5070 /* Info.plist */,
				F504ABC824E8F94700FE5070 /* Preview Content */,
			);
			path = TitechAppLite;
			sourceTree = "<group>";
		};
		F504ABC824E8F94700FE5070 /* Preview Content */ = {
			isa = PBXGroup;
			children = (
				F504ABC924E8F94700FE5070 /* Preview Assets.xcassets */,
			);
			path = "Preview Content";
			sourceTree = "<group>";
		};
		F504ABD424E9806F00FE5070 /* View */ = {
			isa = PBXGroup;
			children = (
				F504ABC424E8F94600FE5070 /* ContentView.swift */,
				F504ABD524E980B800FE5070 /* EventRow.swift */,
				F504ABFD24F2231A00FE5070 /* DayView.swift */,
			);
			path = View;
			sourceTree = "<group>";
		};
		F504AC2724F25C6200FE5070 /* Model */ = {
			isa = PBXGroup;
			children = (
				F504AC2824F280D700FE5070 /* Event.swift */,
				F504AC2A24F2836600FE5070 /* Day.swift */,
				F5DFF13C24FAD1B300154166 /* Data.swift */,
			);
			path = Model;
			sourceTree = "<group>";
		};
		F5DFF12D24FAD0E100154166 /* Resourses */ = {
			isa = PBXGroup;
			children = (
				F55142D224FB437C00DA9824 /* eventData.json */,
				F55142D424FB43A700DA9824 /* dayData.json */,
			);
			path = Resourses;
			sourceTree = "<group>";
		};
		F5DFF13E24FAD1CC00154166 /* ViewModel */ = {
			isa = PBXGroup;
			children = (
				F5DFF13F24FAD1CC00154166 /* DayViewModel.swift */,
				F5DFF14024FAD1CC00154166 /* EventViewModel.swift */,
			);
			path = ViewModel;
			sourceTree = "<group>";
		};
/* End PBXGroup section */

/* Begin PBXNativeTarget section */
		F504ABBC24E8F94600FE5070 /* TitechAppLite */ = {
			isa = PBXNativeTarget;
			buildConfigurationList = F504ABD124E8F94700FE5070 /* Build configuration list for PBXNativeTarget "TitechAppLite" */;
			buildPhases = (
				F504ABB924E8F94600FE5070 /* Sources */,
				F504ABBA24E8F94600FE5070 /* Frameworks */,
				F504ABBB24E8F94600FE5070 /* Resources */,
			);
			buildRules = (
			);
			dependencies = (
			);
			name = TitechAppLite;
			productName = TitechAppLite;
			productReference = F504ABBD24E8F94600FE5070 /* TitechAppLite.app */;
			productType = "com.apple.product-type.application";
		};
/* End PBXNativeTarget section */

/* Begin PBXProject section */
		F504ABB524E8F94600FE5070 /* Project object */ = {
			isa = PBXProject;
			attributes = {
				LastSwiftUpdateCheck = 1160;
				LastUpgradeCheck = 1160;
				ORGANIZATIONNAME = michaellgoro;
				TargetAttributes = {
					F504ABBC24E8F94600FE5070 = {
						CreatedOnToolsVersion = 11.6;
					};
				};
			};
			buildConfigurationList = F504ABB824E8F94600FE5070 /* Build configuration list for PBXProject "TitechAppLite" */;
			compatibilityVersion = "Xcode 9.3";
			developmentRegion = en;
			hasScannedForEncodings = 0;
			knownRegions = (
				en,
				Base,
			);
			mainGroup = F504ABB424E8F94600FE5070;
			productRefGroup = F504ABBE24E8F94600FE5070 /* Products */;
			projectDirPath = "";
			projectRoot = "";
			targets = (
				F504ABBC24E8F94600FE5070 /* TitechAppLite */,
			);
		};
/* End PBXProject section */

/* Begin PBXResourcesBuildPhase section */
		F504ABBB24E8F94600FE5070 /* Resources */ = {
			isa = PBXResourcesBuildPhase;
			buildActionMask = 2147483647;
			files = (
				F504ABCD24E8F94700FE5070 /* LaunchScreen.storyboard in Resources */,
				F504ABCA24E8F94700FE5070 /* Preview Assets.xcassets in Resources */,
				F55142D324FB437C00DA9824 /* eventData.json in Resources */,
				F55142D524FB43A700DA9824 /* dayData.json in Resources */,
				F504ABC724E8F94700FE5070 /* Assets.xcassets in Resources */,
			);
			runOnlyForDeploymentPostprocessing = 0;
		};
/* End PBXResourcesBuildPhase section */

/* Begin PBXSourcesBuildPhase section */
		F504ABB924E8F94600FE5070 /* Sources */ = {
			isa = PBXSourcesBuildPhase;
			buildActionMask = 2147483647;
			files = (
				F504AC2B24F2836600FE5070 /* Day.swift in Sources */,
				F504ABC124E8F94600FE5070 /* AppDelegate.swift in Sources */,
				F5DFF14124FAD1CC00154166 /* DayViewModel.swift in Sources */,
				F5DFF14224FAD1CC00154166 /* EventViewModel.swift in Sources */,
				F504ABFE24F2231A00FE5070 /* DayView.swift in Sources */,
				F504ABD624E980B800FE5070 /* EventRow.swift in Sources */,
				F504ABC324E8F94600FE5070 /* SceneDelegate.swift in Sources */,
				F504AC2924F280D700FE5070 /* Event.swift in Sources */,
				F504ABC524E8F94600FE5070 /* ContentView.swift in Sources */,
				F5DFF13D24FAD1B300154166 /* Data.swift in Sources */,
			);
			runOnlyForDeploymentPostprocessing = 0;
		};
/* End PBXSourcesBuildPhase section */

/* Begin PBXVariantGroup section */
		F504ABCB24E8F94700FE5070 /* LaunchScreen.storyboard */ = {
			isa = PBXVariantGroup;
			children = (
				F504ABCC24E8F94700FE5070 /* Base */,
			);
			name = LaunchScreen.storyboard;
			sourceTree = "<group>";
		};
/* End PBXVariantGroup section */

/* Begin XCBuildConfiguration section */
		F504ABCF24E8F94700FE5070 /* Debug */ = {
			isa = XCBuildConfiguration;
			buildSettings = {
				ALWAYS_SEARCH_USER_PATHS = NO;
				CLANG_ANALYZER_NONNULL = YES;
				CLANG_ANALYZER_NUMBER_OBJECT_CONVERSION = YES_AGGRESSIVE;
				CLANG_CXX_LANGUAGE_STANDARD = "gnu++14";
				CLANG_CXX_LIBRARY = "libc++";
				CLANG_ENABLE_MODULES = YES;
				CLANG_ENABLE_OBJC_ARC = YES;
				CLANG_ENABLE_OBJC_WEAK = YES;
				CLANG_WARN_BLOCK_CAPTURE_AUTORELEASING = YES;
				CLANG_WARN_BOOL_CONVERSION = YES;
				CLANG_WARN_COMMA = YES;
				CLANG_WARN_CONSTANT_CONVERSION = YES;
				CLANG_WARN_DEPRECATED_OBJC_IMPLEMENTATIONS = YES;
				CLANG_WARN_DIRECT_OBJC_ISA_USAGE = YES_ERROR;
				CLANG_WARN_DOCUMENTATION_COMMENTS = YES;
				CLANG_WARN_EMPTY_BODY = YES;
				CLANG_WARN_ENUM_CONVERSION = YES;
				CLANG_WARN_INFINITE_RECURSION = YES;
				CLANG_WARN_INT_CONVERSION = YES;
				CLANG_WARN_NON_LITERAL_NULL_CONVERSION = YES;
				CLANG_WARN_OBJC_IMPLICIT_RETAIN_SELF = YES;
				CLANG_WARN_OBJC_LITERAL_CONVERSION = YES;
				CLANG_WARN_OBJC_ROOT_CLASS = YES_ERROR;
				CLANG_WARN_RANGE_LOOP_ANALYSIS = YES;
				CLANG_WARN_STRICT_PROTOTYPES = YES;
				CLANG_WARN_SUSPICIOUS_MOVE = YES;
				CLANG_WARN_UNGUARDED_AVAILABILITY = YES_AGGRESSIVE;
				CLANG_WARN_UNREACHABLE_CODE = YES;
				CLANG_WARN__DUPLICATE_METHOD_MATCH = YES;
				COPY_PHASE_STRIP = NO;
				DEBUG_INFORMATION_FORMAT = dwarf;
				ENABLE_STRICT_OBJC_MSGSEND = YES;
				ENABLE_TESTABILITY = YES;
				GCC_C_LANGUAGE_STANDARD = gnu11;
				GCC_DYNAMIC_NO_PIC = NO;
				GCC_NO_COMMON_BLOCKS = YES;
				GCC_OPTIMIZATION_LEVEL = 0;
				GCC_PREPROCESSOR_DEFINITIONS = (
					"DEBUG=1",
					"$(inherited)",
				);
				GCC_WARN_64_TO_32_BIT_CONVERSION = YES;
				GCC_WARN_ABOUT_RETURN_TYPE = YES_ERROR;
				GCC_WARN_UNDECLARED_SELECTOR = YES;
				GCC_WARN_UNINITIALIZED_AUTOS = YES_AGGRESSIVE;
				GCC_WARN_UNUSED_FUNCTION = YES;
				GCC_WARN_UNUSED_VARIABLE = YES;
				IPHONEOS_DEPLOYMENT_TARGET = 13.6;
				MTL_ENABLE_DEBUG_INFO = INCLUDE_SOURCE;
				MTL_FAST_MATH = YES;
				ONLY_ACTIVE_ARCH = YES;
				SDKROOT = iphoneos;
				SWIFT_ACTIVE_COMPILATION_CONDITIONS = DEBUG;
				SWIFT_OPTIMIZATION_LEVEL = "-Onone";
			};
			name = Debug;
		};
		F504ABD024E8F94700FE5070 /* Release */ = {
			isa = XCBuildConfiguration;
			buildSettings = {
				ALWAYS_SEARCH_USER_PATHS = NO;
				CLANG_ANALYZER_NONNULL = YES;
				CLANG_ANALYZER_NUMBER_OBJECT_CONVERSION = YES_AGGRESSIVE;
				CLANG_CXX_LANGUAGE_STANDARD = "gnu++14";
				CLANG_CXX_LIBRARY = "libc++";
				CLANG_ENABLE_MODULES = YES;
				CLANG_ENABLE_OBJC_ARC = YES;
				CLANG_ENABLE_OBJC_WEAK = YES;
				CLANG_WARN_BLOCK_CAPTURE_AUTORELEASING = YES;
				CLANG_WARN_BOOL_CONVERSION = YES;
				CLANG_WARN_COMMA = YES;
				CLANG_WARN_CONSTANT_CONVERSION = YES;
				CLANG_WARN_DEPRECATED_OBJC_IMPLEMENTATIONS = YES;
				CLANG_WARN_DIRECT_OBJC_ISA_USAGE = YES_ERROR;
				CLANG_WARN_DOCUMENTATION_COMMENTS = YES;
				CLANG_WARN_EMPTY_BODY = YES;
				CLANG_WARN_ENUM_CONVERSION = YES;
				CLANG_WARN_INFINITE_RECURSION = YES;
				CLANG_WARN_INT_CONVERSION = YES;
				CLANG_WARN_NON_LITERAL_NULL_CONVERSION = YES;
				CLANG_WARN_OBJC_IMPLICIT_RETAIN_SELF = YES;
				CLANG_WARN_OBJC_LITERAL_CONVERSION = YES;
				CLANG_WARN_OBJC_ROOT_CLASS = YES_ERROR;
				CLANG_WARN_RANGE_LOOP_ANALYSIS = YES;
				CLANG_WARN_STRICT_PROTOTYPES = YES;
				CLANG_WARN_SUSPICIOUS_MOVE = YES;
				CLANG_WARN_UNGUARDED_AVAILABILITY = YES_AGGRESSIVE;
				CLANG_WARN_UNREACHABLE_CODE = YES;
				CLANG_WARN__DUPLICATE_METHOD_MATCH = YES;
				COPY_PHASE_STRIP = NO;
				DEBUG_INFORMATION_FORMAT = "dwarf-with-dsym";
				ENABLE_NS_ASSERTIONS = NO;
				ENABLE_STRICT_OBJC_MSGSEND = YES;
				GCC_C_LANGUAGE_STANDARD = gnu11;
				GCC_NO_COMMON_BLOCKS = YES;
				GCC_WARN_64_TO_32_BIT_CONVERSION = YES;
				GCC_WARN_ABOUT_RETURN_TYPE = YES_ERROR;
				GCC_WARN_UNDECLARED_SELECTOR = YES;
				GCC_WARN_UNINITIALIZED_AUTOS = YES_AGGRESSIVE;
				GCC_WARN_UNUSED_FUNCTION = YES;
				GCC_WARN_UNUSED_VARIABLE = YES;
				IPHONEOS_DEPLOYMENT_TARGET = 13.6;
				MTL_ENABLE_DEBUG_INFO = NO;
				MTL_FAST_MATH = YES;
				SDKROOT = iphoneos;
				SWIFT_COMPILATION_MODE = wholemodule;
				SWIFT_OPTIMIZATION_LEVEL = "-O";
				VALIDATE_PRODUCT = YES;
			};
			name = Release;
		};
		F504ABD224E8F94700FE5070 /* Debug */ = {
			isa = XCBuildConfiguration;
			buildSettings = {
				ASSETCATALOG_COMPILER_APPICON_NAME = AppIcon;
				CODE_SIGN_STYLE = Automatic;
				DEVELOPMENT_ASSET_PATHS = "\"TitechAppLite/Preview Content\"";
				ENABLE_PREVIEWS = YES;
				INFOPLIST_FILE = TitechAppLite/Info.plist;
				LD_RUNPATH_SEARCH_PATHS = (
					"$(inherited)",
					"@executable_path/Frameworks",
				);
				PRODUCT_BUNDLE_IDENTIFIER = jp.xdomain.html.gorox.TitechAppLite;
				PRODUCT_NAME = "$(TARGET_NAME)";
				SWIFT_VERSION = 5.0;
				TARGETED_DEVICE_FAMILY = "1,2";
			};
			name = Debug;
		};
		F504ABD324E8F94700FE5070 /* Release */ = {
			isa = XCBuildConfiguration;
			buildSettings = {
				ASSETCATALOG_COMPILER_APPICON_NAME = AppIcon;
				CODE_SIGN_STYLE = Automatic;
				DEVELOPMENT_ASSET_PATHS = "\"TitechAppLite/Preview Content\"";
				ENABLE_PREVIEWS = YES;
				INFOPLIST_FILE = TitechAppLite/Info.plist;
				LD_RUNPATH_SEARCH_PATHS = (
					"$(inherited)",
					"@executable_path/Frameworks",
				);
				PRODUCT_BUNDLE_IDENTIFIER = jp.xdomain.html.gorox.TitechAppLite;
				PRODUCT_NAME = "$(TARGET_NAME)";
				SWIFT_VERSION = 5.0;
				TARGETED_DEVICE_FAMILY = "1,2";
			};
			name = Release;
		};
/* End XCBuildConfiguration section */

/* Begin XCConfigurationList section */
		F504ABB824E8F94600FE5070 /* Build configuration list for PBXProject "TitechAppLite" */ = {
			isa = XCConfigurationList;
			buildConfigurations = (
				F504ABCF24E8F94700FE5070 /* Debug */,
				F504ABD024E8F94700FE5070 /* Release */,
			);
			defaultConfigurationIsVisible = 0;
			defaultConfigurationName = Release;
		};
		F504ABD124E8F94700FE5070 /* Build configuration list for PBXNativeTarget "TitechAppLite" */ = {
			isa = XCConfigurationList;
			buildConfigurations = (
				F504ABD224E8F94700FE5070 /* Debug */,
				F504ABD324E8F94700FE5070 /* Release */,
			);
			defaultConfigurationIsVisible = 0;
			defaultConfigurationName = Release;
		};
/* End XCConfigurationList section */
	};
	rootObject = F504ABB524E8F94600FE5070 /* Project object */;
}
